
Microsoft Visual Studio Solution File, Format Version 12.00
# Visual Studio Version 17
VisualStudioVersion = 17.9.34728.123
MinimumVisualStudioVersion = 10.0.40219.1
Project("{FAE04EC0-301F-11D3-BF4B-00C04F79EFBC}") = "TicTacToe2", "TicTacToe2\TicTacToe2.csproj", "{FD49C173-219D-4EEE-B6FA-69B3DCE8F3A9}"
EndProject
Global
	GlobalSection(SolutionConfigurationPlatforms) = preSolution
		Debug|Any CPU = Debug|Any CPU
		Release|Any CPU = Release|Any CPU
	EndGlobalSection
	GlobalSection(ProjectConfigurationPlatforms) = postSolution
		{FD49C173-219D-4EEE-B6FA-69B3DCE8F3A9}.Debug|Any CPU.ActiveCfg = Debug|Any CPU
		{FD49C173-219D-4EEE-B6FA-69B3DCE8F3A9}.Debug|Any CPU.Build.0 = Debug|Any CPU
		{FD49C173-219D-4EEE-B6FA-69B3DCE8F3A9}.Release|Any CPU.ActiveCfg = Release|Any CPU
		{FD49C173-219D-4EEE-B6FA-69B3DCE8F3A9}.Release|Any CPU.Build.0 = Release|Any CPU
	EndGlobalSection
	GlobalSection(SolutionProperties) = preSolution
		HideSolutionNode = FALSE
	EndGlobalSection
	GlobalSection(ExtensibilityGlobals) = postSolution
		SolutionGuid = {370C4A14-13D5-4CCA-8A70-7F56DED9FF97}
	EndGlobalSection
EndGlobal
